// !$*UTF8*$!
{
	archiveVersion = 1;
	classes = {
	};
	objectVersion = 48;
	objects = {

/* Begin PBXBuildFile section */
		77649846202AF41800D2596E /* AppDelegate.m in Sources */ = {isa = PBXBuildFile; fileRef = 77649845202AF41800D2596E /* AppDelegate.m */; };
		77649849202AF41800D2596E /* ViewController.m in Sources */ = {isa = PBXBuildFile; fileRef = 77649848202AF41800D2596E /* ViewController.m */; };
		7764984C202AF41800D2596E /* Main.storyboard in Resources */ = {isa = PBXBuildFile; fileRef = 7764984A202AF41800D2596E /* Main.storyboard */; };
		7764984F202AF41900D2596E /* ReactiveObjc.xcdatamodeld in Sources */ = {isa = PBXBuildFile; fileRef = 7764984D202AF41900D2596E /* ReactiveObjc.xcdatamodeld */; };
		77649851202AF41900D2596E /* Assets.xcassets in Resources */ = {isa = PBXBuildFile; fileRef = 77649850202AF41900D2596E /* Assets.xcassets */; };
		77649854202AF41900D2596E /* LaunchScreen.storyboard in Resources */ = {isa = PBXBuildFile; fileRef = 77649852202AF41900D2596E /* LaunchScreen.storyboard */; };
		77649857202AF41900D2596E /* main.m in Sources */ = {isa = PBXBuildFile; fileRef = 77649856202AF41900D2596E /* main.m */; };
		C035278045BBE1DA910782CD /* libPods-ReactiveObjc.a in Frameworks */ = {isa = PBXBuildFile; fileRef = 8E7CF7685D740D218E9B24E1 /* libPods-ReactiveObjc.a */; };
/* End PBXBuildFile section */

/* Begin PBXFileReference section */
		4F95C35B4AA0E1F64E6A49A4 /* Pods-ReactiveObjc.release.xcconfig */ = {isa = PBXFileReference; includeInIndex = 1; lastKnownFileType = text.xcconfig; name = "Pods-ReactiveObjc.release.xcconfig"; path = "Pods/Target Support Files/Pods-ReactiveObjc/Pods-ReactiveObjc.release.xcconfig"; sourceTree = "<group>"; };
		77649841202AF41800D2596E /* ReactiveObjc.app */ = {isa = PBXFileReference; explicitFileType = wrapper.application; includeInIndex = 0; path = ReactiveObjc.app; sourceTree = BUILT_PRODUCTS_DIR; };
		77649844202AF41800D2596E /* AppDelegate.h */ = {isa = PBXFileReference; lastKnownFileType = sourcecode.c.h; path = AppDelegate.h; sourceTree = "<group>"; };
		77649845202AF41800D2596E /* AppDelegate.m */ = {isa = PBXFileReference; lastKnownFileType = sourcecode.c.objc; path = AppDelegate.m; sourceTree = "<group>"; };
		77649847202AF41800D2596E /* ViewController.h */ = {isa = PBXFileReference; lastKnownFileType = sourcecode.c.h; path = ViewController.h; sourceTree = "<group>"; };
		77649848202AF41800D2596E /* ViewController.m */ = {isa = PBXFileReference; lastKnownFileType = sourcecode.c.objc; path = ViewController.m; sourceTree = "<group>"; };
		7764984B202AF41800D2596E /* Base */ = {isa = PBXFileReference; lastKnownFileType = file.storyboard; name = Base; path = Base.lproj/Main.storyboard; sourceTree = "<group>"; };
		7764984E202AF41900D2596E /* ReactiveObjc.xcdatamodel */ = {isa = PBXFileReference; lastKnownFileType = wrapper.xcdatamodel; path = ReactiveObjc.xcdatamodel; sourceTree = "<group>"; };
		77649850202AF41900D2596E /* Assets.xcassets */ = {isa = PBXFileReference; lastKnownFileType = folder.assetcatalog; path = Assets.xcassets; sourceTree = "<group>"; };
		77649853202AF41900D2596E /* Base */ = {isa = PBXFileReference; lastKnownFileType = file.storyboard; name = Base; path = Base.lproj/LaunchScreen.storyboard; sourceTree = "<group>"; };
		77649855202AF41900D2596E /* Info.plist */ = {isa = PBXFileReference; lastKnownFileType = text.plist.xml; path = Info.plist; sourceTree = "<group>"; };
		77649856202AF41900D2596E /* main.m */ = {isa = PBXFileReference; lastKnownFileType = sourcecode.c.objc; path = main.m; sourceTree = "<group>"; };
		8E7CF7685D740D218E9B24E1 /* libPods-ReactiveObjc.a */ = {isa = PBXFileReference; explicitFileType = archive.ar; includeInIndex = 0; path = "libPods-ReactiveObjc.a"; sourceTree = BUILT_PRODUCTS_DIR; };
		BB49AF915C72A09DDA1DDEB0 /* Pods-ReactiveObjc.debug.xcconfig */ = {isa = PBXFileReference; includeInIndex = 1; lastKnownFileType = text.xcconfig; name = "Pods-ReactiveObjc.debug.xcconfig"; path = "Pods/Target Support Files/Pods-ReactiveObjc/Pods-ReactiveObjc.debug.xcconfig"; sourceTree = "<group>"; };
/* End PBXFileReference section */

/* Begin PBXFrameworksBuildPhase section */
		7764983E202AF41800D2596E /* Frameworks */ = {
			isa = PBXFrameworksBuildPhase;
			buildActionMask = 2147483647;
			files = (
				C035278045BBE1DA910782CD /* libPods-ReactiveObjc.a in Frameworks */,
			);
			runOnlyForDeploymentPostprocessing = 0;
		};
/* End PBXFrameworksBuildPhase section */

/* Begin PBXGroup section */
		77649838202AF41800D2596E = {
			isa = PBXGroup;
			children = (
				77649843202AF41800D2596E /* ReactiveObjc */,
				77649842202AF41800D2596E /* Products */,
				868789A5D939A36A0284FE04 /* Pods */,
				CD6208A4490EFC5ED8365287 /* Frameworks */,
			);
			sourceTree = "<group>";
		};
		77649842202AF41800D2596E /* Products */ = {
			isa = PBXGroup;
			children = (
				77649841202AF41800D2596E /* ReactiveObjc.app */,
			);
			name = Products;
			sourceTree = "<group>";
		};
		77649843202AF41800D2596E /* ReactiveObjc */ = {
			isa = PBXGroup;
			children = (
				77649844202AF41800D2596E /* AppDelegate.h */,
				77649845202AF41800D2596E /* AppDelegate.m */,
				77649847202AF41800D2596E /* ViewController.h */,
				77649848202AF41800D2596E /* ViewController.m */,
				7764984A202AF41800D2596E /* Main.storyboard */,
				77649850202AF41900D2596E /* Assets.xcassets */,
				77649852202AF41900D2596E /* LaunchScreen.storyboard */,
				77649855202AF41900D2596E /* Info.plist */,
				77649856202AF41900D2596E /* main.m */,
				7764984D202AF41900D2596E /* ReactiveObjc.xcdatamodeld */,
			);
			path = ReactiveObjc;
			sourceTree = "<group>";
		};
		868789A5D939A36A0284FE04 /* Pods */ = {
			isa = PBXGroup;
			children = (
				BB49AF915C72A09DDA1DDEB0 /* Pods-ReactiveObjc.debug.xcconfig */,
				4F95C35B4AA0E1F64E6A49A4 /* Pods-ReactiveObjc.release.xcconfig */,
			);
			name = Pods;
			sourceTree = "<group>";
		};
		CD6208A4490EFC5ED8365287 /* Frameworks */ = {
			isa = PBXGroup;
			children = (
				8E7CF7685D740D218E9B24E1 /* libPods-ReactiveObjc.a */,
			);
			name = Frameworks;
			sourceTree = "<group>";
		};
/* End PBXGroup section */

/* Begin PBXNativeTarget section */
		77649840202AF41800D2596E /* ReactiveObjc */ = {
			isa = PBXNativeTarget;
			buildConfigurationList = 7764985A202AF41900D2596E /* Build configuration list for PBXNativeTarget "ReactiveObjc" */;
			buildPhases = (
				F3C5EB1D85D324047EFD0AA7 /* [CP] Check Pods Manifest.lock */,
				7764983D202AF41800D2596E /* Sources */,
				7764983E202AF41800D2596E /* Frameworks */,
				7764983F202AF41800D2596E /* Resources */,
				492ED5F27D45DF0D2A7D240E /* [CP] Embed Pods Frameworks */,
				9021DAE3C226F3798FB5FD77 /* [CP] Copy Pods Resources */,
			);
			buildRules = (
			);
			dependencies = (
			);
			name = ReactiveObjc;
			productName = ReactiveObjc;
			productReference = 77649841202AF41800D2596E /* ReactiveObjc.app */;
			productType = "com.apple.product-type.application";
		};
/* End PBXNativeTarget section */

/* Begin PBXProject section */
		77649839202AF41800D2596E /* Project object */ = {
			isa = PBXProject;
			attributes = {
				LastUpgradeCheck = 0920;
				ORGANIZATIONNAME = quanjunt;
				TargetAttributes = {
					77649840202AF41800D2596E = {
						CreatedOnToolsVersion = 9.2;
						ProvisioningStyle = Automatic;
					};
				};
			};
			buildConfigurationList = 7764983C202AF41800D2596E /* Build configuration list for PBXProject "ReactiveObjc" */;
			compatibilityVersion = "Xcode 8.0";
			developmentRegion = en;
			hasScannedForEncodings = 0;
			knownRegions = (
				en,
				Base,
			);
			mainGroup = 77649838202AF41800D2596E;
			productRefGroup = 77649842202AF41800D2596E /* Products */;
			projectDirPath = "";
			projectRoot = "";
			targets = (
				77649840202AF41800D2596E /* ReactiveObjc */,
			);
		};
/* End PBXProject section */

/* Begin PBXResourcesBuildPhase section */
		7764983F202AF41800D2596E /* Resources */ = {
			isa = PBXResourcesBuildPhase;
			buildActionMask = 2147483647;
			files = (
				77649854202AF41900D2596E /* LaunchScreen.storyboard in Resources */,
				77649851202AF41900D2596E /* Assets.xcassets in Resources */,
				7764984C202AF41800D2596E /* Main.storyboard in Resources */,
			);
			runOnlyForDeploymentPostprocessing = 0;
		};
/* End PBXResourcesBuildPhase section */

/* Begin PBXShellScriptBuildPhase section */
		492ED5F27D45DF0D2A7D240E /* [CP] Embed Pods Frameworks */ = {
			isa = PBXShellScriptBuildPhase;
			buildActionMask = 2147483647;
			files = (
			);
			inputPaths = (
			);
			name = "[CP] Embed Pods Frameworks";
			outputPaths = (
			);
			runOnlyForDeploymentPostprocessing = 0;
			shellPath = /bin/sh;
			shellScript = "\"${SRCROOT}/Pods/Target Support Files/Pods-ReactiveObjc/Pods-ReactiveObjc-frameworks.sh\"\n";
			showEnvVarsInLog = 0;
		};
		9021DAE3C226F3798FB5FD77 /* [CP] Copy Pods Resources */ = {
			isa = PBXShellScriptBuildPhase;
			buildActionMask = 2147483647;
			files = (
			);
			inputPaths = (
			);
			name = "[CP] Copy Pods Resources";
			outputPaths = (
			);
			runOnlyForDeploymentPostprocessing = 0;
			shellPath = /bin/sh;
			shellScript = "\"${SRCROOT}/Pods/Target Support Files/Pods-ReactiveObjc/Pods-ReactiveObjc-resources.sh\"\n";
			showEnvVarsInLog = 0;
		};
		F3C5EB1D85D324047EFD0AA7 /* [CP] Check Pods Manifest.lock */ = {
			isa = PBXShellScriptBuildPhase;
			buildActionMask = 2147483647;
			files = (
			);
			inputPaths = (
				"${PODS_PODFILE_DIR_PATH}/Podfile.lock",
				"${PODS_ROOT}/Manifest.lock",
			);
			name = "[CP] Check Pods Manifest.lock";
			outputPaths = (
				"$(DERIVED_FILE_DIR)/Pods-ReactiveObjc-checkManifestLockResult.txt",
			);
			runOnlyForDeploymentPostprocessing = 0;
			shellPath = /bin/sh;
			shellScript = "diff \"${PODS_PODFILE_DIR_PATH}/Podfile.lock\" \"${PODS_ROOT}/Manifest.lock\" > /dev/null\nif [ $? != 0 ] ; then\n    # print error to STDERR\n    echo \"error: The sandbox is not in sync with the Podfile.lock. Run 'pod install' or update your CocoaPods installation.\" >&2\n    exit 1\nfi\n# This output is used by Xcode 'outputs' to avoid re-running this script phase.\necho \"SUCCESS\" > \"${SCRIPT_OUTPUT_FILE_0}\"\n";
			showEnvVarsInLog = 0;
		};
/* End PBXShellScriptBuildPhase section */

/* Begin PBXSourcesBuildPhase section */
		7764983D202AF41800D2596E /* Sources */ = {
			isa = PBXSourcesBuildPhase;
			buildActionMask = 2147483647;
			files = (
				7764984F202AF41900D2596E /* ReactiveObjc.xcdatamodeld in Sources */,
				77649849202AF41800D2596E /* ViewController.m in Sources */,
				77649857202AF41900D2596E /* main.m in Sources */,
				77649846202AF41800D2596E /* AppDelegate.m in Sources */,
			);
			runOnlyForDeploymentPostprocessing = 0;
		};
/* End PBXSourcesBuildPhase section */

/* Begin PBXVariantGroup section */
		7764984A202AF41800D2596E /* Main.storyboard */ = {
			isa = PBXVariantGroup;
			children = (
				7764984B202AF41800D2596E /* Base */,
			);
			name = Main.storyboard;
			sourceTree = "<group>";
		};
		77649852202AF41900D2596E /* LaunchScreen.storyboard */ = {
			isa = PBXVariantGroup;
			children = (
				77649853202AF41900D2596E /* Base */,
			);
			name = LaunchScreen.storyboard;
			sourceTree = "<group>";
		};
/* End PBXVariantGroup section */

/* Begin XCBuildConfiguration section */
		77649858202AF41900D2596E /* Debug */ = {
			isa = XCBuildConfiguration;
			buildSettings = {
				ALWAYS_SEARCH_USER_PATHS = NO;
				CLANG_ANALYZER_NONNULL = YES;
				CLANG_ANALYZER_NUMBER_OBJECT_CONVERSION = YES_AGGRESSIVE;
				CLANG_CXX_LANGUAGE_STANDARD = "gnu++14";
				CLANG_CXX_LIBRARY = "libc++";
				CLANG_ENABLE_MODULES = YES;
				CLANG_ENABLE_OBJC_ARC = YES;
				CLANG_WARN_BLOCK_CAPTURE_AUTORELEASING = YES;
				CLANG_WARN_BOOL_CONVERSION = YES;
				CLANG_WARN_COMMA = YES;
				CLANG_WARN_CONSTANT_CONVERSION = YES;
				CLANG_WARN_DIRECT_OBJC_ISA_USAGE = YES_ERROR;
				CLANG_WARN_DOCUMENTATION_COMMENTS = YES;
				CLANG_WARN_EMPTY_BODY = YES;
				CLANG_WARN_ENUM_CONVERSION = YES;
				CLANG_WARN_INFINITE_RECURSION = YES;
				CLANG_WARN_INT_CONVERSION = YES;
				CLANG_WARN_NON_LITERAL_NULL_CONVERSION = YES;
				CLANG_WARN_OBJC_LITERAL_CONVERSION = YES;
				CLANG_WARN_OBJC_ROOT_CLASS = YES_ERROR;
				CLANG_WARN_RANGE_LOOP_ANALYSIS = YES;
				CLANG_WARN_STRICT_PROTOTYPES = YES;
				CLANG_WARN_SUSPICIOUS_MOVE = YES;
				CLANG_WARN_UNGUARDED_AVAILABILITY = YES_AGGRESSIVE;
				CLANG_WARN_UNREACHABLE_CODE = YES;
				CLANG_WARN__DUPLICATE_METHOD_MATCH = YES;
				CODE_SIGN_IDENTITY = "iPhone Developer";
				COPY_PHASE_STRIP = NO;
				DEBUG_INFORMATION_FORMAT = dwarf;
				ENABLE_STRICT_OBJC_MSGSEND = YES;
				ENABLE_TESTABILITY = YES;
				GCC_C_LANGUAGE_STANDARD = gnu11;
				GCC_DYNAMIC_NO_PIC = NO;
				GCC_NO_COMMON_BLOCKS = YES;
				GCC_OPTIMIZATION_LEVEL = 0;
				GCC_PREPROCESSOR_DEFINITIONS = (
					"DEBUG=1",
					"$(inherited)",
				);
				GCC_WARN_64_TO_32_BIT_CONVERSION = YES;
				GCC_WARN_ABOUT_RETURN_TYPE = YES_ERROR;
				GCC_WARN_UNDECLARED_SELECTOR = YES;
				GCC_WARN_UNINITIALIZED_AUTOS = YES_AGGRESSIVE;
				GCC_WARN_UNUSED_FUNCTION = YES;
				GCC_WARN_UNUSED_VARIABLE = YES;
				IPHONEOS_DEPLOYMENT_TARGET = 11.2;
				MTL_ENABLE_DEBUG_INFO = YES;
				ONLY_ACTIVE_ARCH = YES;
				SDKROOT = iphoneos;
			};
			name = Debug;
		};
		77649859202AF41900D2596E /* Release */ = {
			isa = XCBuildConfiguration;
			buildSettings = {
				ALWAYS_SEARCH_USER_PATHS = NO;
				CLANG_ANALYZER_NONNULL = YES;
				CLANG_ANALYZER_NUMBER_OBJECT_CONVERSION = YES_AGGRESSIVE;
				CLANG_CXX_LANGUAGE_STANDARD = "gnu++14";
				CLANG_CXX_LIBRARY = "libc++";
				CLANG_ENABLE_MODULES = YES;
				CLANG_ENABLE_OBJC_ARC = YES;
				CLANG_WARN_BLOCK_CAPTURE_AUTORELEASING = YES;
				CLANG_WARN_BOOL_CONVERSION = YES;
				CLANG_WARN_COMMA = YES;
				CLANG_WARN_CONSTANT_CONVERSION = YES;
				CLANG_WARN_DIRECT_OBJC_ISA_USAGE = YES_ERROR;
				CLANG_WARN_DOCUMENTATION_COMMENTS = YES;
				CLANG_WARN_EMPTY_BODY = YES;
				CLANG_WARN_ENUM_CONVERSION = YES;
				CLANG_WARN_INFINITE_RECURSION = YES;
				CLANG_WARN_INT_CONVERSION = YES;
				CLANG_WARN_NON_LITERAL_NULL_CONVERSION = YES;
				CLANG_WARN_OBJC_LITERAL_CONVERSION = YES;
				CLANG_WARN_OBJC_ROOT_CLASS = YES_ERROR;
				CLANG_WARN_RANGE_LOOP_ANALYSIS = YES;
				CLANG_WARN_STRICT_PROTOTYPES = YES;
				CLANG_WARN_SUSPICIOUS_MOVE = YES;
				CLANG_WARN_UNGUARDED_AVAILABILITY = YES_AGGRESSIVE;
				CLANG_WARN_UNREACHABLE_CODE = YES;
				CLANG_WARN__DUPLICATE_METHOD_MATCH = YES;
				CODE_SIGN_IDENTITY = "iPhone Developer";
				COPY_PHASE_STRIP = NO;
				DEBUG_INFORMATION_FORMAT = "dwarf-with-dsym";
				ENABLE_NS_ASSERTIONS = NO;
				ENABLE_STRICT_OBJC_MSGSEND = YES;
				GCC_C_LANGUAGE_STANDARD = gnu11;
				GCC_NO_COMMON_BLOCKS = YES;
				GCC_WARN_64_TO_32_BIT_CONVERSION = YES;
				GCC_WARN_ABOUT_RETURN_TYPE = YES_ERROR;
				GCC_WARN_UNDECLARED_SELECTOR = YES;
				GCC_WARN_UNINITIALIZED_AUTOS = YES_AGGRESSIVE;
				GCC_WARN_UNUSED_FUNCTION = YES;
				GCC_WARN_UNUSED_VARIABLE = YES;
				IPHONEOS_DEPLOYMENT_TARGET = 11.2;
				MTL_ENABLE_DEBUG_INFO = NO;
				SDKROOT = iphoneos;
				VALIDATE_PRODUCT = YES;
			};
			name = Release;
		};
		7764985B202AF41900D2596E /* Debug */ = {
			isa = XCBuildConfiguration;
			baseConfigurationReference = BB49AF915C72A09DDA1DDEB0 /* Pods-ReactiveObjc.debug.xcconfig */;
			buildSettings = {
				ASSETCATALOG_COMPILER_APPICON_NAME = AppIcon;
				CODE_SIGN_STYLE = Automatic;
				INFOPLIST_FILE = ReactiveObjc/Info.plist;
				LD_RUNPATH_SEARCH_PATHS = "$(inherited) @executable_path/Frameworks";
				PRODUCT_BUNDLE_IDENTIFIER = com.quanjunt.www.ReactiveObjc;
				PRODUCT_NAME = "$(TARGET_NAME)";
				TARGETED_DEVICE_FAMILY = "1,2";
			};
			name = Debug;
		};
		7764985C202AF41900D2596E /* Release */ = {
			isa = XCBuildConfiguration;
			baseConfigurationReference = 4F95C35B4AA0E1F64E6A49A4 /* Pods-ReactiveObjc.release.xcconfig */;
			buildSettings = {
				ASSETCATALOG_COMPILER_APPICON_NAME = AppIcon;
				CODE_SIGN_STYLE = Automatic;
				INFOPLIST_FILE = ReactiveObjc/Info.plist;
				LD_RUNPATH_SEARCH_PATHS = "$(inherited) @executable_path/Frameworks";
				PRODUCT_BUNDLE_IDENTIFIER = com.quanjunt.www.ReactiveObjc;
				PRODUCT_NAME = "$(TARGET_NAME)";
				TARGETED_DEVICE_FAMILY = "1,2";
			};
			name = Release;
		};
/* End XCBuildConfiguration section */

/* Begin XCConfigurationList section */
		7764983C202AF41800D2596E /* Build configuration list for PBXProject "ReactiveObjc" */ = {
			isa = XCConfigurationList;
			buildConfigurations = (
				77649858202AF41900D2596E /* Debug */,
				77649859202AF41900D2596E /* Release */,
			);
			defaultConfigurationIsVisible = 0;
			defaultConfigurationName = Release;
		};
		7764985A202AF41900D2596E /* Build configuration list for PBXNativeTarget "ReactiveObjc" */ = {
			isa = XCConfigurationList;
			buildConfigurations = (
				7764985B202AF41900D2596E /* Debug */,
				7764985C202AF41900D2596E /* Release */,
			);
			defaultConfigurationIsVisible = 0;
			defaultConfigurationName = Release;
		};
/* End XCConfigurationList section */

/* Begin XCVersionGroup section */
		7764984D202AF41900D2596E /* ReactiveObjc.xcdatamodeld */ = {
			isa = XCVersionGroup;
			children = (
				7764984E202AF41900D2596E /* ReactiveObjc.xcdatamodel */,
			);
			currentVersion = 7764984E202AF41900D2596E /* ReactiveObjc.xcdatamodel */;
			path = ReactiveObjc.xcdatamodeld;
			sourceTree = "<group>";
			versionGroupType = wrapper.xcdatamodel;
		};
/* End XCVersionGroup section */
	};
	rootObject = 77649839202AF41800D2596E /* Project object */;
}
